
Microsoft Visual Studio Solution File, Format Version 12.00
# Visual Studio Version 16
VisualStudioVersion = 16.0.29230.47
MinimumVisualStudioVersion = 10.0.40219.1
Project("{FAE04EC0-301F-11D3-BF4B-00C04F79EFBC}") = "Itse1430.Maze", "Itse1430.Maze\Itse1430.Maze.csproj", "{C9685D99-B284-4F93-9C6B-08BEC81B0CF5}"
EndProject
Global
	GlobalSection(SolutionConfigurationPlatforms) = preSolution
		Debug|Any CPU = Debug|Any CPU
		Release|Any CPU = Release|Any CPU
	EndGlobalSection
	GlobalSection(ProjectConfigurationPlatforms) = postSolution
		{C9685D99-B284-4F93-9C6B-08BEC81B0CF5}.Debug|Any CPU.ActiveCfg = Debug|Any CPU
		{C9685D99-B284-4F93-9C6B-08BEC81B0CF5}.Debug|Any CPU.Build.0 = Debug|Any CPU
		{C9685D99-B284-4F93-9C6B-08BEC81B0CF5}.Release|Any CPU.ActiveCfg = Release|Any CPU
		{C9685D99-B284-4F93-9C6B-08BEC81B0CF5}.Release|Any CPU.Build.0 = Release|Any CPU
	EndGlobalSection
	GlobalSection(SolutionProperties) = preSolution
		HideSolutionNode = FALSE
	EndGlobalSection
	GlobalSection(ExtensibilityGlobals) = postSolution
		SolutionGuid = {21074EA7-2DF8-41A1-B57D-8DF1C10F5F00}
	EndGlobalSection
EndGlobal
